
Microsoft Visual Studio Solution File, Format Version 12.00
# Visual Studio 15
VisualStudioVersion = 15.0.28307.1705
MinimumVisualStudioVersion = 10.0.40219.1
Project("{FAE04EC0-301F-11D3-BF4B-00C04F79EFBC}") = "USBViewer", "USBViewer\USBViewer.csproj", "{1213F594-7686-4418-B37B-5F1EB5564677}"
	ProjectSection(ProjectDependencies) = postProject
		{38CB9C7C-8D15-4587-8AA6-04BC82566966} = {38CB9C7C-8D15-4587-8AA6-04BC82566966}
	EndProjectSection
EndProject
Project("{FAE04EC0-301F-11D3-BF4B-00C04F79EFBC}") = "USBViewerSVC", "USBViewerSVC\USBViewerSVC.csproj", "{38CB9C7C-8D15-4587-8AA6-04BC82566966}"
EndProject
Global
	GlobalSection(SolutionConfigurationPlatforms) = preSolution
		Debug|Any CPU = Debug|Any CPU
		Release|Any CPU = Release|Any CPU
	EndGlobalSection
	GlobalSection(ProjectConfigurationPlatforms) = postSolution
		{1213F594-7686-4418-B37B-5F1EB5564677}.Debug|Any CPU.ActiveCfg = Debug|Any CPU
		{1213F594-7686-4418-B37B-5F1EB5564677}.Debug|Any CPU.Build.0 = Debug|Any CPU
		{1213F594-7686-4418-B37B-5F1EB5564677}.Release|Any CPU.ActiveCfg = Release|Any CPU
		{1213F594-7686-4418-B37B-5F1EB5564677}.Release|Any CPU.Build.0 = Release|Any CPU
		{38CB9C7C-8D15-4587-8AA6-04BC82566966}.Debug|Any CPU.ActiveCfg = Debug|Any CPU
		{38CB9C7C-8D15-4587-8AA6-04BC82566966}.Debug|Any CPU.Build.0 = Debug|Any CPU
		{38CB9C7C-8D15-4587-8AA6-04BC82566966}.Release|Any CPU.ActiveCfg = Release|Any CPU
		{38CB9C7C-8D15-4587-8AA6-04BC82566966}.Release|Any CPU.Build.0 = Release|Any CPU
	EndGlobalSection
	GlobalSection(SolutionProperties) = preSolution
		HideSolutionNode = FALSE
	EndGlobalSection
	GlobalSection(ExtensibilityGlobals) = postSolution
		SolutionGuid = {690C0703-0497-4855-AE4B-320A9FE92BD5}
	EndGlobalSection
EndGlobal
